
Microsoft Visual Studio Solution File, Format Version 12.00
# Visual Studio Version 17
VisualStudioVersion = 17.9.34728.123
MinimumVisualStudioVersion = 10.0.40219.1
Project("{9A19103F-16F7-4668-BE54-9A1E7A4F7556}") = "ElevatorChallenge", "ElevatorChallenge.csproj", "{01773B18-61CB-4B9F-B74B-FBE60216FD27}"
EndProject
Project("{FAE04EC0-301F-11D3-BF4B-00C04F79EFBC}") = "ElevatorChallengeUnitTest", "..\ElevatorChallengeUnitTest\ElevatorChallengeUnitTest.csproj", "{18BCC6F3-8B2E-4299-A580-8C4E79C22D66}"
EndProject
Global
	GlobalSection(SolutionConfigurationPlatforms) = preSolution
		Debug|Any CPU = Debug|Any CPU
		Release|Any CPU = Release|Any CPU
	EndGlobalSection
	GlobalSection(ProjectConfigurationPlatforms) = postSolution
		{01773B18-61CB-4B9F-B74B-FBE60216FD27}.Debug|Any CPU.ActiveCfg = Debug|Any CPU
		{01773B18-61CB-4B9F-B74B-FBE60216FD27}.Debug|Any CPU.Build.0 = Debug|Any CPU
		{01773B18-61CB-4B9F-B74B-FBE60216FD27}.Release|Any CPU.ActiveCfg = Release|Any CPU
		{01773B18-61CB-4B9F-B74B-FBE60216FD27}.Release|Any CPU.Build.0 = Release|Any CPU
		{18BCC6F3-8B2E-4299-A580-8C4E79C22D66}.Debug|Any CPU.ActiveCfg = Debug|Any CPU
		{18BCC6F3-8B2E-4299-A580-8C4E79C22D66}.Debug|Any CPU.Build.0 = Debug|Any CPU
		{18BCC6F3-8B2E-4299-A580-8C4E79C22D66}.Release|Any CPU.ActiveCfg = Release|Any CPU
		{18BCC6F3-8B2E-4299-A580-8C4E79C22D66}.Release|Any CPU.Build.0 = Release|Any CPU
	EndGlobalSection
	GlobalSection(SolutionProperties) = preSolution
		HideSolutionNode = FALSE
	EndGlobalSection
	GlobalSection(ExtensibilityGlobals) = postSolution
		SolutionGuid = {CF79D28D-E154-40D9-84A9-24EEA6781FE1}
	EndGlobalSection
EndGlobal
